
Microsoft Visual Studio Solution File, Format Version 12.00
# Visual Studio Version 16
VisualStudioVersion = 16.0.31702.278
MinimumVisualStudioVersion = 10.0.40219.1
Project("{FAE04EC0-301F-11D3-BF4B-00C04F79EFBC}") = "media-plugin-21.UWP", "media-plugin-21\media-plugin-21.UWP\media-plugin-21.UWP.csproj", "{DFE4FD84-6EFB-4AA4-9256-CE3EB613B467}"
EndProject
Project("{FAE04EC0-301F-11D3-BF4B-00C04F79EFBC}") = "media-plugin-21.Android", "media-plugin-21\media-plugin-21.Android\media-plugin-21.Android.csproj", "{0A2B0146-BF77-4C16-83F4-567055B6CB91}"
EndProject
Project("{FAE04EC0-301F-11D3-BF4B-00C04F79EFBC}") = "media-plugin-21.iOS", "media-plugin-21\media-plugin-21.iOS\media-plugin-21.iOS.csproj", "{31E87FCD-74A1-40D9-92BC-3FCBA3E2A5A1}"
EndProject
Project("{FAE04EC0-301F-11D3-BF4B-00C04F79EFBC}") = "media-plugin-21", "media-plugin-21\media-plugin-21\media-plugin-21.csproj", "{C9940827-440C-4044-B293-3012FCE72DA5}"
EndProject
Global
	GlobalSection(SolutionConfigurationPlatforms) = preSolution
		Debug|Any CPU = Debug|Any CPU
		Debug|ARM = Debug|ARM
		Debug|iPhone = Debug|iPhone
		Debug|iPhoneSimulator = Debug|iPhoneSimulator
		Debug|x64 = Debug|x64
		Debug|x86 = Debug|x86
		Release|Any CPU = Release|Any CPU
		Release|ARM = Release|ARM
		Release|iPhone = Release|iPhone
		Release|iPhoneSimulator = Release|iPhoneSimulator
		Release|x64 = Release|x64
		Release|x86 = Release|x86
	EndGlobalSection
	GlobalSection(ProjectConfigurationPlatforms) = postSolution
		{DFE4FD84-6EFB-4AA4-9256-CE3EB613B467}.Debug|Any CPU.ActiveCfg = Debug|x86
		{DFE4FD84-6EFB-4AA4-9256-CE3EB613B467}.Debug|Any CPU.Build.0 = Debug|x86
		{DFE4FD84-6EFB-4AA4-9256-CE3EB613B467}.Debug|Any CPU.Deploy.0 = Debug|x86
		{DFE4FD84-6EFB-4AA4-9256-CE3EB613B467}.Debug|ARM.ActiveCfg = Debug|ARM
		{DFE4FD84-6EFB-4AA4-9256-CE3EB613B467}.Debug|ARM.Build.0 = Debug|ARM
		{DFE4FD84-6EFB-4AA4-9256-CE3EB613B467}.Debug|ARM.Deploy.0 = Debug|ARM
		{DFE4FD84-6EFB-4AA4-9256-CE3EB613B467}.Debug|iPhone.ActiveCfg = Debug|x86
		{DFE4FD84-6EFB-4AA4-9256-CE3EB613B467}.Debug|iPhone.Build.0 = Debug|x86
		{DFE4FD84-6EFB-4AA4-9256-CE3EB613B467}.Debug|iPhone.Deploy.0 = Debug|x86
		{DFE4FD84-6EFB-4AA4-9256-CE3EB613B467}.Debug|iPhoneSimulator.ActiveCfg = Debug|x86
		{DFE4FD84-6EFB-4AA4-9256-CE3EB613B467}.Debug|iPhoneSimulator.Build.0 = Debug|x86
		{DFE4FD84-6EFB-4AA4-9256-CE3EB613B467}.Debug|iPhoneSimulator.Deploy.0 = Debug|x86
		{DFE4FD84-6EFB-4AA4-9256-CE3EB613B467}.Debug|x64.ActiveCfg = Debug|x64
		{DFE4FD84-6EFB-4AA4-9256-CE3EB613B467}.Debug|x64.Build.0 = Debug|x64
		{DFE4FD84-6EFB-4AA4-9256-CE3EB613B467}.Debug|x64.Deploy.0 = Debug|x64
		{DFE4FD84-6EFB-4AA4-9256-CE3EB613B467}.Debug|x86.ActiveCfg = Debug|x86
		{DFE4FD84-6EFB-4AA4-9256-CE3EB613B467}.Debug|x86.Build.0 = Debug|x86
		{DFE4FD84-6EFB-4AA4-9256-CE3EB613B467}.Debug|x86.Deploy.0 = Debug|x86
		{DFE4FD84-6EFB-4AA4-9256-CE3EB613B467}.Release|Any CPU.ActiveCfg = Release|x86
		{DFE4FD84-6EFB-4AA4-9256-CE3EB613B467}.Release|Any CPU.Build.0 = Release|x86
		{DFE4FD84-6EFB-4AA4-9256-CE3EB613B467}.Release|Any CPU.Deploy.0 = Release|x86
		{DFE4FD84-6EFB-4AA4-9256-CE3EB613B467}.Release|ARM.ActiveCfg = Release|ARM
		{DFE4FD84-6EFB-4AA4-9256-CE3EB613B467}.Release|ARM.Build.0 = Release|ARM
		{DFE4FD84-6EFB-4AA4-9256-CE3EB613B467}.Release|ARM.Deploy.0 = Release|ARM
		{DFE4FD84-6EFB-4AA4-9256-CE3EB613B467}.Release|iPhone.ActiveCfg = Release|x86
		{DFE4FD84-6EFB-4AA4-9256-CE3EB613B467}.Release|iPhone.Build.0 = Release|x86
		{DFE4FD84-6EFB-4AA4-9256-CE3EB613B467}.Release|iPhone.Deploy.0 = Release|x86
		{DFE4FD84-6EFB-4AA4-9256-CE3EB613B467}.Release|iPhoneSimulator.ActiveCfg = Release|x86
		{DFE4FD84-6EFB-4AA4-9256-CE3EB613B467}.Release|iPhoneSimulator.Build.0 = Release|x86
		{DFE4FD84-6EFB-4AA4-9256-CE3EB613B467}.Release|iPhoneSimulator.Deploy.0 = Release|x86
		{DFE4FD84-6EFB-4AA4-9256-CE3EB613B467}.Release|x64.ActiveCfg = Release|x64
		{DFE4FD84-6EFB-4AA4-9256-CE3EB613B467}.Release|x64.Build.0 = Release|x64
		{DFE4FD84-6EFB-4AA4-9256-CE3EB613B467}.Release|x64.Deploy.0 = Release|x64
		{DFE4FD84-6EFB-4AA4-9256-CE3EB613B467}.Release|x86.ActiveCfg = Release|x86
		{DFE4FD84-6EFB-4AA4-9256-CE3EB613B467}.Release|x86.Build.0 = Release|x86
		{DFE4FD84-6EFB-4AA4-9256-CE3EB613B467}.Release|x86.Deploy.0 = Release|x86
		{0A2B0146-BF77-4C16-83F4-567055B6CB91}.Debug|Any CPU.ActiveCfg = Debug|Any CPU
		{0A2B0146-BF77-4C16-83F4-567055B6CB91}.Debug|Any CPU.Build.0 = Debug|Any CPU
		{0A2B0146-BF77-4C16-83F4-567055B6CB91}.Debug|Any CPU.Deploy.0 = Debug|Any CPU
		{0A2B0146-BF77-4C16-83F4-567055B6CB91}.Debug|ARM.ActiveCfg = Debug|Any CPU
		{0A2B0146-BF77-4C16-83F4-567055B6CB91}.Debug|ARM.Build.0 = Debug|Any CPU
		{0A2B0146-BF77-4C16-83F4-567055B6CB91}.Debug|ARM.Deploy.0 = Debug|Any CPU
		{0A2B0146-BF77-4C16-83F4-567055B6CB91}.Debug|iPhone.ActiveCfg = Debug|Any CPU
		{0A2B0146-BF77-4C16-83F4-567055B6CB91}.Debug|iPhone.Build.0 = Debug|Any CPU
		{0A2B0146-BF77-4C16-83F4-567055B6CB91}.Debug|iPhone.Deploy.0 = Debug|Any CPU
		{0A2B0146-BF77-4C16-83F4-567055B6CB91}.Debug|iPhoneSimulator.ActiveCfg = Debug|Any CPU
		{0A2B0146-BF77-4C16-83F4-567055B6CB91}.Debug|iPhoneSimulator.Build.0 = Debug|Any CPU
		{0A2B0146-BF77-4C16-83F4-567055B6CB91}.Debug|iPhoneSimulator.Deploy.0 = Debug|Any CPU
		{0A2B0146-BF77-4C16-83F4-567055B6CB91}.Debug|x64.ActiveCfg = Debug|Any CPU
		{0A2B0146-BF77-4C16-83F4-567055B6CB91}.Debug|x64.Build.0 = Debug|Any CPU
		{0A2B0146-BF77-4C16-83F4-567055B6CB91}.Debug|x64.Deploy.0 = Debug|Any CPU
		{0A2B0146-BF77-4C16-83F4-567055B6CB91}.Debug|x86.ActiveCfg = Debug|Any CPU
		{0A2B0146-BF77-4C16-83F4-567055B6CB91}.Debug|x86.Build.0 = Debug|Any CPU
		{0A2B0146-BF77-4C16-83F4-567055B6CB91}.Debug|x86.Deploy.0 = Debug|Any CPU
		{0A2B0146-BF77-4C16-83F4-567055B6CB91}.Release|Any CPU.ActiveCfg = Release|Any CPU
		{0A2B0146-BF77-4C16-83F4-567055B6CB91}.Release|Any CPU.Build.0 = Release|Any CPU
		{0A2B0146-BF77-4C16-83F4-567055B6CB91}.Release|Any CPU.Deploy.0 = Release|Any CPU
		{0A2B0146-BF77-4C16-83F4-567055B6CB91}.Release|ARM.ActiveCfg = Release|Any CPU
		{0A2B0146-BF77-4C16-83F4-567055B6CB91}.Release|ARM.Build.0 = Release|Any CPU
		{0A2B0146-BF77-4C16-83F4-567055B6CB91}.Release|ARM.Deploy.0 = Release|Any CPU
		{0A2B0146-BF77-4C16-83F4-567055B6CB91}.Release|iPhone.ActiveCfg = Release|Any CPU
		{0A2B0146-BF77-4C16-83F4-567055B6CB91}.Release|iPhone.Build.0 = Release|Any CPU
		{0A2B0146-BF77-4C16-83F4-567055B6CB91}.Release|iPhone.Deploy.0 = Release|Any CPU
		{0A2B0146-BF77-4C16-83F4-567055B6CB91}.Release|iPhoneSimulator.ActiveCfg = Release|Any CPU
		{0A2B0146-BF77-4C16-83F4-567055B6CB91}.Release|iPhoneSimulator.Build.0 = Release|Any CPU
		{0A2B0146-BF77-4C16-83F4-567055B6CB91}.Release|iPhoneSimulator.Deploy.0 = Release|Any CPU
		{0A2B0146-BF77-4C16-83F4-567055B6CB91}.Release|x64.ActiveCfg = Release|Any CPU
		{0A2B0146-BF77-4C16-83F4-567055B6CB91}.Release|x64.Build.0 = Release|Any CPU
		{0A2B0146-BF77-4C16-83F4-567055B6CB91}.Release|x64.Deploy.0 = Release|Any CPU
		{0A2B0146-BF77-4C16-83F4-567055B6CB91}.Release|x86.ActiveCfg = Release|Any CPU
		{0A2B0146-BF77-4C16-83F4-567055B6CB91}.Release|x86.Build.0 = Release|Any CPU
		{0A2B0146-BF77-4C16-83F4-567055B6CB91}.Release|x86.Deploy.0 = Release|Any CPU
		{31E87FCD-74A1-40D9-92BC-3FCBA3E2A5A1}.Debug|Any CPU.ActiveCfg = Debug|iPhoneSimulator
		{31E87FCD-74A1-40D9-92BC-3FCBA3E2A5A1}.Debug|Any CPU.Build.0 = Debug|iPhoneSimulator
		{31E87FCD-74A1-40D9-92BC-3FCBA3E2A5A1}.Debug|Any CPU.Deploy.0 = Debug|iPhoneSimulator
		{31E87FCD-74A1-40D9-92BC-3FCBA3E2A5A1}.Debug|ARM.ActiveCfg = Debug|iPhone
		{31E87FCD-74A1-40D9-92BC-3FCBA3E2A5A1}.Debug|ARM.Build.0 = Debug|iPhone
		{31E87FCD-74A1-40D9-92BC-3FCBA3E2A5A1}.Debug|ARM.Deploy.0 = Debug|iPhone
		{31E87FCD-74A1-40D9-92BC-3FCBA3E2A5A1}.Debug|iPhone.ActiveCfg = Debug|iPhone
		{31E87FCD-74A1-40D9-92BC-3FCBA3E2A5A1}.Debug|iPhone.Build.0 = Debug|iPhone
		{31E87FCD-74A1-40D9-92BC-3FCBA3E2A5A1}.Debug|iPhone.Deploy.0 = Debug|iPhone
		{31E87FCD-74A1-40D9-92BC-3FCBA3E2A5A1}.Debug|iPhoneSimulator.ActiveCfg = Debug|iPhoneSimulator
		{31E87FCD-74A1-40D9-92BC-3FCBA3E2A5A1}.Debug|iPhoneSimulator.Build.0 = Debug|iPhoneSimulator
		{31E87FCD-74A1-40D9-92BC-3FCBA3E2A5A1}.Debug|iPhoneSimulator.Deploy.0 = Debug|iPhoneSimulator
		{31E87FCD-74A1-40D9-92BC-3FCBA3E2A5A1}.Debug|x64.ActiveCfg = Debug|iPhoneSimulator
		{31E87FCD-74A1-40D9-92BC-3FCBA3E2A5A1}.Debug|x64.Build.0 = Debug|iPhoneSimulator
		{31E87FCD-74A1-40D9-92BC-3FCBA3E2A5A1}.Debug|x64.Deploy.0 = Debug|iPhoneSimulator
		{31E87FCD-74A1-40D9-92BC-3FCBA3E2A5A1}.Debug|x86.ActiveCfg = Debug|iPhoneSimulator
		{31E87FCD-74A1-40D9-92BC-3FCBA3E2A5A1}.Debug|x86.Build.0 = Debug|iPhoneSimulator
		{31E87FCD-74A1-40D9-92BC-3FCBA3E2A5A1}.Debug|x86.Deploy.0 = Debug|iPhoneSimulator
		{31E87FCD-74A1-40D9-92BC-3FCBA3E2A5A1}.Release|Any CPU.ActiveCfg = Release|iPhoneSimulator
		{31E87FCD-74A1-40D9-92BC-3FCBA3E2A5A1}.Release|Any CPU.Build.0 = Release|iPhoneSimulator
		{31E87FCD-74A1-40D9-92BC-3FCBA3E2A5A1}.Release|Any CPU.Deploy.0 = Release|iPhoneSimulator
		{31E87FCD-74A1-40D9-92BC-3FCBA3E2A5A1}.Release|ARM.ActiveCfg = Release|iPhoneSimulator
		{31E87FCD-74A1-40D9-92BC-3FCBA3E2A5A1}.Release|ARM.Build.0 = Release|iPhoneSimulator
		{31E87FCD-74A1-40D9-92BC-3FCBA3E2A5A1}.Release|ARM.Deploy.0 = Release|iPhoneSimulator
		{31E87FCD-74A1-40D9-92BC-3FCBA3E2A5A1}.Release|iPhone.ActiveCfg = Release|iPhone
		{31E87FCD-74A1-40D9-92BC-3FCBA3E2A5A1}.Release|iPhone.Build.0 = Release|iPhone
		{31E87FCD-74A1-40D9-92BC-3FCBA3E2A5A1}.Release|iPhone.Deploy.0 = Release|iPhone
		{31E87FCD-74A1-40D9-92BC-3FCBA3E2A5A1}.Release|iPhoneSimulator.ActiveCfg = Release|iPhoneSimulator
		{31E87FCD-74A1-40D9-92BC-3FCBA3E2A5A1}.Release|iPhoneSimulator.Build.0 = Release|iPhoneSimulator
		{31E87FCD-74A1-40D9-92BC-3FCBA3E2A5A1}.Release|iPhoneSimulator.Deploy.0 = Release|iPhoneSimulator
		{31E87FCD-74A1-40D9-92BC-3FCBA3E2A5A1}.Release|x64.ActiveCfg = Release|iPhoneSimulator
		{31E87FCD-74A1-40D9-92BC-3FCBA3E2A5A1}.Release|x64.Build.0 = Release|iPhoneSimulator
		{31E87FCD-74A1-40D9-92BC-3FCBA3E2A5A1}.Release|x64.Deploy.0 = Release|iPhoneSimulator
		{31E87FCD-74A1-40D9-92BC-3FCBA3E2A5A1}.Release|x86.ActiveCfg = Release|iPhoneSimulator
		{31E87FCD-74A1-40D9-92BC-3FCBA3E2A5A1}.Release|x86.Build.0 = Release|iPhoneSimulator
		{31E87FCD-74A1-40D9-92BC-3FCBA3E2A5A1}.Release|x86.Deploy.0 = Release|iPhoneSimulator
		{C9940827-440C-4044-B293-3012FCE72DA5}.Debug|Any CPU.ActiveCfg = Debug|Any CPU
		{C9940827-440C-4044-B293-3012FCE72DA5}.Debug|Any CPU.Build.0 = Debug|Any CPU
		{C9940827-440C-4044-B293-3012FCE72DA5}.Debug|Any CPU.Deploy.0 = Debug|Any CPU
		{C9940827-440C-4044-B293-3012FCE72DA5}.Debug|ARM.ActiveCfg = Debug|Any CPU
		{C9940827-440C-4044-B293-3012FCE72DA5}.Debug|ARM.Build.0 = Debug|Any CPU
		{C9940827-440C-4044-B293-3012FCE72DA5}.Debug|ARM.Deploy.0 = Debug|Any CPU
		{C9940827-440C-4044-B293-3012FCE72DA5}.Debug|iPhone.ActiveCfg = Debug|Any CPU
		{C9940827-440C-4044-B293-3012FCE72DA5}.Debug|iPhone.Build.0 = Debug|Any CPU
		{C9940827-440C-4044-B293-3012FCE72DA5}.Debug|iPhone.Deploy.0 = Debug|Any CPU
		{C9940827-440C-4044-B293-3012FCE72DA5}.Debug|iPhoneSimulator.ActiveCfg = Debug|Any CPU
		{C9940827-440C-4044-B293-3012FCE72DA5}.Debug|iPhoneSimulator.Build.0 = Debug|Any CPU
		{C9940827-440C-4044-B293-3012FCE72DA5}.Debug|iPhoneSimulator.Deploy.0 = Debug|Any CPU
		{C9940827-440C-4044-B293-3012FCE72DA5}.Debug|x64.ActiveCfg = Debug|Any CPU
		{C9940827-440C-4044-B293-3012FCE72DA5}.Debug|x64.Build.0 = Debug|Any CPU
		{C9940827-440C-4044-B293-3012FCE72DA5}.Debug|x64.Deploy.0 = Debug|Any CPU
		{C9940827-440C-4044-B293-3012FCE72DA5}.Debug|x86.ActiveCfg = Debug|Any CPU
		{C9940827-440C-4044-B293-3012FCE72DA5}.Debug|x86.Build.0 = Debug|Any CPU
		{C9940827-440C-4044-B293-3012FCE72DA5}.Debug|x86.Deploy.0 = Debug|Any CPU
		{C9940827-440C-4044-B293-3012FCE72DA5}.Release|Any CPU.ActiveCfg = Release|Any CPU
		{C9940827-440C-4044-B293-3012FCE72DA5}.Release|Any CPU.Build.0 = Release|Any CPU
		{C9940827-440C-4044-B293-3012FCE72DA5}.Release|Any CPU.Deploy.0 = Release|Any CPU
		{C9940827-440C-4044-B293-3012FCE72DA5}.Release|ARM.ActiveCfg = Release|Any CPU
		{C9940827-440C-4044-B293-3012FCE72DA5}.Release|ARM.Build.0 = Release|Any CPU
		{C9940827-440C-4044-B293-3012FCE72DA5}.Release|ARM.Deploy.0 = Release|Any CPU
		{C9940827-440C-4044-B293-3012FCE72DA5}.Release|iPhone.ActiveCfg = Release|Any CPU
		{C9940827-440C-4044-B293-3012FCE72DA5}.Release|iPhone.Build.0 = Release|Any CPU
		{C9940827-440C-4044-B293-3012FCE72DA5}.Release|iPhone.Deploy.0 = Release|Any CPU
		{C9940827-440C-4044-B293-3012FCE72DA5}.Release|iPhoneSimulator.ActiveCfg = Release|Any CPU
		{C9940827-440C-4044-B293-3012FCE72DA5}.Release|iPhoneSimulator.Build.0 = Release|Any CPU
		{C9940827-440C-4044-B293-3012FCE72DA5}.Release|iPhoneSimulator.Deploy.0 = Release|Any CPU
		{C9940827-440C-4044-B293-3012FCE72DA5}.Release|x64.ActiveCfg = Release|Any CPU
		{C9940827-440C-4044-B293-3012FCE72DA5}.Release|x64.Build.0 = Release|Any CPU
		{C9940827-440C-4044-B293-3012FCE72DA5}.Release|x64.Deploy.0 = Release|Any CPU
		{C9940827-440C-4044-B293-3012FCE72DA5}.Release|x86.ActiveCfg = Release|Any CPU
		{C9940827-440C-4044-B293-3012FCE72DA5}.Release|x86.Build.0 = Release|Any CPU
		{C9940827-440C-4044-B293-3012FCE72DA5}.Release|x86.Deploy.0 = Release|Any CPU
	EndGlobalSection
	GlobalSection(SolutionProperties) = preSolution
		HideSolutionNode = FALSE
	EndGlobalSection
	GlobalSection(ExtensibilityGlobals) = postSolution
		SolutionGuid = {096AC5C9-0B79-4F71-A17C-51A5EAED8915}
	EndGlobalSection
EndGlobal
